
Microsoft Visual Studio Solution File, Format Version 12.00
# Visual Studio Version 17
VisualStudioVersion = 17.5.33424.131
MinimumVisualStudioVersion = 10.0.40219.1
Project("{FAE04EC0-301F-11D3-BF4B-00C04F79EFBC}") = "WinFormsPractice", "WinFormsPractice\WinFormsPractice.csproj", "{20CCE65A-55A2-4B7A-97BD-E60BB4B4C2D3}"
EndProject
Global
	GlobalSection(SolutionConfigurationPlatforms) = preSolution
		Debug|Any CPU = Debug|Any CPU
		Release|Any CPU = Release|Any CPU
	EndGlobalSection
	GlobalSection(ProjectConfigurationPlatforms) = postSolution
		{20CCE65A-55A2-4B7A-97BD-E60BB4B4C2D3}.Debug|Any CPU.ActiveCfg = Debug|Any CPU
		{20CCE65A-55A2-4B7A-97BD-E60BB4B4C2D3}.Debug|Any CPU.Build.0 = Debug|Any CPU
		{20CCE65A-55A2-4B7A-97BD-E60BB4B4C2D3}.Release|Any CPU.ActiveCfg = Release|Any CPU
		{20CCE65A-55A2-4B7A-97BD-E60BB4B4C2D3}.Release|Any CPU.Build.0 = Release|Any CPU
	EndGlobalSection
	GlobalSection(SolutionProperties) = preSolution
		HideSolutionNode = FALSE
	EndGlobalSection
	GlobalSection(ExtensibilityGlobals) = postSolution
		SolutionGuid = {94FB7D81-277E-4EE5-B7D5-F3DAB5A42CE2}
	EndGlobalSection
EndGlobal
